{
  "lockfileVersion": 1,
  "dependencies": {
    "angular-cookies": {
      "version": "1.6.4",
      "resolved": "https://registry.npmjs.org/angular-cookies/-/angular-cookies-1.6.4.tgz",
      "integrity": "sha1-wo8/aqx6mCbB5F8daAckADblsm0="
    },
    "angular-sanitize": {
      "version": "1.6.4",
      "resolved": "https://registry.npmjs.org/angular-sanitize/-/angular-sanitize-1.6.4.tgz",
      "integrity": "sha1-YKN+qW+w1KMio8y2TuSlzzsVTww="
    }
  }
}
