{
  "name": "sharekan",
  "version": "1.0.0",
  "lockfileVersion": 1,
  "dependencies": {
    "@uirouter/angularjs": {
      "version": "1.0.4",
      "resolved": "https://registry.npmjs.org/@uirouter/angularjs/-/angularjs-1.0.4.tgz",
      "integrity": "sha512-8Bd8BAZMkExBvA6Zf2ucEQG+Gnb3MYHumiiFDRzOSLIjtqear6TCFYqwrkWZM9yOuRgYOfVGymHN0Yb/t5UVbA=="
    },
    "@uirouter/core": {
      "version": "5.0.3",
      "resolved": "https://registry.npmjs.org/@uirouter/core/-/core-5.0.3.tgz",
      "integrity": "sha1-4rWx5FGQ4gxnuk4VwBPeXU4MyrM="
    },
    "angular-utils-pagination": {
      "version": "0.11.1",
      "resolved": "https://registry.npmjs.org/angular-utils-pagination/-/angular-utils-pagination-0.11.1.tgz",
      "integrity": "sha1-7618iHm+swrT13cH+T49DvUfLGY="
    }
  }
}
